<?xml version="1.0" encoding="utf-8"?>
<Project ToolsVersion="4.0" xmlns="http://schemas.microsoft.com/developer/msbuild/2003">
  <ItemGroup>
    <Filter Include="Header Files">
      <UniqueIdentifier>{93995380-89BD-4b04-88EB-625FBE52EBFB}</UniqueIdentifier>
      <Extensions>h;hh;hpp;hxx;h++;hm;inl;inc;ipp;xsd</Extensions>
    </Filter>
    <Filter Include="Header Files\Uno">
      <UniqueIdentifier>{a14ea2f2-2b7d-495c-9ed5-d413f49e56ae}</UniqueIdentifier>
    </Filter>
    <Filter Include="Header Files\General">
      <UniqueIdentifier>{10d21cf2-92f9-4a09-adc8-0aaee4179a4b}</UniqueIdentifier>
    </Filter>
    <Filter Include="Header Files\Other">
      <UniqueIdentifier>{d9a8f230-74ca-47bb-90ea-08310caa794e}</UniqueIdentifier>
    </Filter>
    <Filter Include="Source Files">
      <UniqueIdentifier>{4FC737F1-C7A5-4376-A066-2A32D752A2FF}</UniqueIdentifier>
      <Extensions>cpp;c;cc;cxx;c++;cppm;ixx;def;odl;idl;hpj;bat;asm;asmx</Extensions>
    </Filter>
    <Filter Include="Source Files\Resource Files">
      <UniqueIdentifier>{67DA6AB6-F800-4c08-8B7A-83BB121AAD01}</UniqueIdentifier>
      <Extensions>rc;ico;cur;bmp;dlg;rc2;rct;bin;rgs;gif;jpg;jpeg;jpe;resx;tiff;tif;png;wav;mfcribbon-ms</Extensions>
    </Filter>
    <Filter Include="Source Files\Uno">
      <UniqueIdentifier>{51cbc59f-8c3e-4d1d-8d29-0eaf9d46b5fd}</UniqueIdentifier>
    </Filter>
    <Filter Include="Source Files\General">
      <UniqueIdentifier>{c7ee74ba-5390-4ef7-9865-eda330a28df4}</UniqueIdentifier>
    </Filter>
    <Filter Include="Source Files\Other">
      <UniqueIdentifier>{5af6d22c-c122-4899-bf79-ed85f651a218}</UniqueIdentifier>
    </Filter>
  </ItemGroup>
  <ItemGroup>
    <None Include="packages.config" />
  </ItemGroup>
  <ItemGroup>
    <ClInclude Include="Uno.h">
      <Filter>Header Files\Uno</Filter>
    </ClInclude>
    <ClInclude Include="BaseEventHandler.h">
      <Filter>Header Files\General</Filter>
    </ClInclude>
    <ClInclude Include="BaseStructs.h">
      <Filter>Header Files\General</Filter>
    </ClInclude>
    <ClInclude Include="Button.h">
      <Filter>Header Files\General</Filter>
    </ClInclude>
    <ClInclude Include="Display.h">
      <Filter>Header Files\General</Filter>
    </ClInclude>
    <ClInclude Include="FPSCounter.h">
      <Filter>Header Files\General</Filter>
    </ClInclude>
    <ClInclude Include="Renderable.h">
      <Filter>Header Files\General</Filter>
    </ClInclude>
    <ClInclude Include="Slider.h">
      <Filter>Header Files\General</Filter>
    </ClInclude>
    <ClInclude Include="Text.h">
      <Filter>Header Files\General</Filter>
    </ClInclude>
    <ClInclude Include="Interactable.h">
      <Filter>Header Files\General</Filter>
    </ClInclude>
    <ClInclude Include="SpaceShooter.h">
      <Filter>Header Files\Other</Filter>
    </ClInclude>
    <ClInclude Include="GameMaster.h">
      <Filter>Header Files\Uno</Filter>
    </ClInclude>
    <ClInclude Include="Card.h">
      <Filter>Header Files\Uno</Filter>
    </ClInclude>
    <ClInclude Include="RectMaths.h">
      <Filter>Header Files\General</Filter>
    </ClInclude>
    <ClInclude Include="Deck.h">
      <Filter>Header Files\Uno</Filter>
    </ClInclude>
    <ClInclude Include="Hand.h">
      <Filter>Header Files\Uno</Filter>
    </ClInclude>
    <ClInclude Include="PlayerHand.h">
      <Filter>Header Files\Uno</Filter>
    </ClInclude>
    <ClInclude Include="Character.h">
      <Filter>Header Files\Uno</Filter>
    </ClInclude>
    <ClInclude Include="PlayerCharacter.h">
      <Filter>Header Files\Uno</Filter>
    </ClInclude>
    <ClInclude Include="TurnIndicator.h">
      <Filter>Header Files\Uno</Filter>
    </ClInclude>
  </ItemGroup>
  <ItemGroup>
    <ClCompile Include="Uno.cpp">
      <Filter>Source Files\Uno</Filter>
    </ClCompile>
    <ClCompile Include="UITestCode.cpp">
      <Filter>Source Files\General</Filter>
    </ClCompile>
    <ClCompile Include="BaseEventHandler.cpp">
      <Filter>Source Files\General</Filter>
    </ClCompile>
    <ClCompile Include="Button.cpp">
      <Filter>Source Files\General</Filter>
    </ClCompile>
    <ClCompile Include="Display.cpp">
      <Filter>Source Files\General</Filter>
    </ClCompile>
    <ClCompile Include="FPSCounter.cpp">
      <Filter>Source Files\General</Filter>
    </ClCompile>
    <ClCompile Include="Main.cpp">
      <Filter>Source Files\General</Filter>
    </ClCompile>
    <ClCompile Include="Renderable.cpp">
      <Filter>Source Files\General</Filter>
    </ClCompile>
    <ClCompile Include="Slider.cpp">
      <Filter>Source Files\General</Filter>
    </ClCompile>
    <ClCompile Include="Text.cpp">
      <Filter>Source Files\General</Filter>
    </ClCompile>
    <ClCompile Include="Interactable.cpp">
      <Filter>Source Files\General</Filter>
    </ClCompile>
    <ClCompile Include="SpaceShooter.cpp">
      <Filter>Source Files\Other</Filter>
    </ClCompile>
    <ClCompile Include="GameMaster.cpp">
      <Filter>Source Files\Uno</Filter>
    </ClCompile>
    <ClCompile Include="Card.cpp">
      <Filter>Source Files\Uno</Filter>
    </ClCompile>
    <ClCompile Include="Deck.cpp">
      <Filter>Source Files\Uno</Filter>
    </ClCompile>
    <ClCompile Include="Hand.cpp">
      <Filter>Source Files\Uno</Filter>
    </ClCompile>
    <ClCompile Include="PlayerHand.cpp">
      <Filter>Source Files\Uno</Filter>
    </ClCompile>
    <ClCompile Include="Character.cpp">
      <Filter>Source Files\Uno</Filter>
    </ClCompile>
    <ClCompile Include="PlayerCharacter.cpp">
      <Filter>Source Files\Uno</Filter>
    </ClCompile>
    <ClCompile Include="TurnIndicator.cpp">
      <Filter>Source Files\Uno</Filter>
    </ClCompile>
  </ItemGroup>
  <ItemGroup>
    <Image Include="textures\player.png">
      <Filter>Source Files\Resource Files</Filter>
    </Image>
    <Image Include="textures\bullet.png">
      <Filter>Source Files\Resource Files</Filter>
    </Image>
    <Image Include="textures\quitButton.png">
      <Filter>Source Files\Resource Files</Filter>
    </Image>
    <Image Include="textures\sliderNode.png">
      <Filter>Source Files\Resource Files</Filter>
    </Image>
    <Image Include="textures\drawButton.png">
      <Filter>Source Files\Resource Files</Filter>
    </Image>
  </ItemGroup>
</Project>